<?xml version="1.0" encoding="utf-8"?>
<Project ToolsVersion="4.0" xmlns="http://schemas.microsoft.com/developer/msbuild/2003">
  <ItemGroup>
    <Filter Include="Source Files">
      <UniqueIdentifier>{4FC737F1-C7A5-4376-A066-2A32D752A2FF}</UniqueIdentifier>
      <Extensions>cpp;c;cc;cxx;def;odl;idl;hpj;bat;asm;asmx</Extensions>
    </Filter>
    <Filter Include="Header Files">
      <UniqueIdentifier>{93995380-89BD-4b04-88EB-625FBE52EBFB}</UniqueIdentifier>
      <Extensions>h;hpp;hxx;hm;inl;inc;xsd</Extensions>
    </Filter>
    <Filter Include="Resource Files">
      <UniqueIdentifier>{67DA6AB6-F800-4c08-8B7A-83BB121AAD01}</UniqueIdentifier>
      <Extensions>rc;ico;cur;bmp;dlg;rc2;rct;bin;rgs;gif;jpg;jpeg;jpe;resx;tiff;tif;png;wav;mfcribbon-ms</Extensions>
    </Filter>
    <Filter Include="Source Files\core">
      <UniqueIdentifier>{4f02c472-8149-43be-aebd-c78a41666949}</UniqueIdentifier>
    </Filter>
    <Filter Include="Source Files\renderer">
      <UniqueIdentifier>{4a49a309-c770-496c-9112-31f17fa2190d}</UniqueIdentifier>
    </Filter>
    <Filter Include="Source Files\windowing">
      <UniqueIdentifier>{2e46ca03-0f96-4123-b051-b555eec4f0a5}</UniqueIdentifier>
    </Filter>
    <Filter Include="Source Files\core\math">
      <UniqueIdentifier>{3c924166-9edb-484d-a10a-9724111b32f1}</UniqueIdentifier>
    </Filter>
    <Filter Include="Source Files\core\bv">
      <UniqueIdentifier>{03f7b5b8-77ec-42b7-8bda-becf9f6b80c3}</UniqueIdentifier>
    </Filter>
    <Filter Include="Source Files\core\mem">
      <UniqueIdentifier>{d542ca53-d0a4-4f1f-b653-49e60d220efc}</UniqueIdentifier>
    </Filter>
    <Filter Include="Source Files\core\containers">
      <UniqueIdentifier>{8bc9d51c-c77c-491d-9b13-6e2cca4d81e6}</UniqueIdentifier>
    </Filter>
    <Filter Include="Source Files\windowing\themes">
      <UniqueIdentifier>{a7fa05f6-d6b9-4fa1-9b79-e0f53f2cdc85}</UniqueIdentifier>
    </Filter>
    <Filter Include="Source Files\renderer\gl">
      <UniqueIdentifier>{7f6a668c-fb30-4287-9c4a-25d562be6292}</UniqueIdentifier>
    </Filter>
    <Filter Include="Header Files\core">
      <UniqueIdentifier>{81186909-addb-4726-a936-5ea6599e52a8}</UniqueIdentifier>
    </Filter>
    <Filter Include="Header Files\core\math">
      <UniqueIdentifier>{965482a0-fbe6-45da-9bc9-35bc2cb8c29d}</UniqueIdentifier>
    </Filter>
    <Filter Include="Header Files\core\bv">
      <UniqueIdentifier>{bb07abfb-5aeb-4afd-84e0-e2a6acd6f1f1}</UniqueIdentifier>
    </Filter>
    <Filter Include="Header Files\core\mem">
      <UniqueIdentifier>{76a835eb-2751-4788-8227-5f1b6de23604}</UniqueIdentifier>
    </Filter>
    <Filter Include="Header Files\core\containers">
      <UniqueIdentifier>{5439d943-7404-46f2-9982-bd55d0cc219d}</UniqueIdentifier>
    </Filter>
    <Filter Include="Header Files\windowing">
      <UniqueIdentifier>{bb175b13-3b20-488f-bdd0-30512c9900ec}</UniqueIdentifier>
    </Filter>
    <Filter Include="Header Files\windowing\themes">
      <UniqueIdentifier>{6b705af4-00a8-401f-9649-d4c123b19e13}</UniqueIdentifier>
    </Filter>
    <Filter Include="Header Files\renderer">
      <UniqueIdentifier>{4d2ae5cd-9103-41da-a424-fdd481e3c882}</UniqueIdentifier>
    </Filter>
    <Filter Include="Header Files\renderer\gl">
      <UniqueIdentifier>{1f1da8c2-d1a5-42dc-a90c-aa74ebcafc6d}</UniqueIdentifier>
    </Filter>
    <Filter Include="Header Files\renderer\gl\glx">
      <UniqueIdentifier>{9b8868d1-4dc1-4c82-a86a-e762e6005bc7}</UniqueIdentifier>
    </Filter>
    <Filter Include="Header Files\renderer\gl\wgl">
      <UniqueIdentifier>{c1bf674a-7d9b-4842-8772-015e9a4d0e58}</UniqueIdentifier>
    </Filter>
    <Filter Include="Source Files\windowing\layouts">
      <UniqueIdentifier>{2fe4e628-273a-445b-b2ec-de1e200e1065}</UniqueIdentifier>
    </Filter>
    <Filter Include="Header Files\windowing\layout">
      <UniqueIdentifier>{6fa80c4a-6562-4028-bf0f-277abf0a8a9b}</UniqueIdentifier>
    </Filter>
    <Filter Include="Header Files\core\streams">
      <UniqueIdentifier>{af4b65fe-8cb6-47bc-aea9-941bb8a2a006}</UniqueIdentifier>
    </Filter>
    <Filter Include="Source Files\core\streams">
      <UniqueIdentifier>{3fb93791-576a-4686-bfc7-56f7605ec56b}</UniqueIdentifier>
    </Filter>
    <Filter Include="Header Files\windowing\templates">
      <UniqueIdentifier>{2084f387-4e51-4df9-94af-f1286aa9d717}</UniqueIdentifier>
    </Filter>
    <Filter Include="Source Files\loaders">
      <UniqueIdentifier>{eec59d08-a0b9-4dfd-bcb8-bbd03c8a9058}</UniqueIdentifier>
    </Filter>
    <Filter Include="Header Files\loaders">
      <UniqueIdentifier>{3ca32ce3-adb5-4cec-9a07-4b301da2f112}</UniqueIdentifier>
    </Filter>
    <Filter Include="Source Files\windowing\toolbox">
      <UniqueIdentifier>{184dcde8-7ffb-4280-a687-824476c9711e}</UniqueIdentifier>
    </Filter>
    <Filter Include="Header Files\windowing\toolbox">
      <UniqueIdentifier>{1f26e28e-70f6-4365-9db2-e37428f84692}</UniqueIdentifier>
    </Filter>
    <Filter Include="Header Files\filesystem">
      <UniqueIdentifier>{5df8fba7-725f-4bae-85e4-67639f31572a}</UniqueIdentifier>
    </Filter>
    <Filter Include="Source Files\filesystem">
      <UniqueIdentifier>{a542b973-3843-464d-8bc4-b8b1a75f33fe}</UniqueIdentifier>
    </Filter>
    <Filter Include="Header Files\input">
      <UniqueIdentifier>{d150c751-2541-4bbd-b483-d75ec794ae7f}</UniqueIdentifier>
    </Filter>
    <Filter Include="Source Files\input">
      <UniqueIdentifier>{8b1700cc-0847-4020-a1c6-af05d83e6160}</UniqueIdentifier>
    </Filter>
    <Filter Include="Header Files\os">
      <UniqueIdentifier>{1f32fb3d-53bd-4277-9d27-9b6d63476ca9}</UniqueIdentifier>
    </Filter>
    <Filter Include="Header Files\os\win">
      <UniqueIdentifier>{54da6f9e-2194-4e1d-831c-7d56e4b597aa}</UniqueIdentifier>
    </Filter>
    <Filter Include="Header Files\os\win\wgl">
      <UniqueIdentifier>{d27b8cb7-2ccb-4159-9991-f2003fc478b7}</UniqueIdentifier>
    </Filter>
    <Filter Include="Header Files\os\win\input">
      <UniqueIdentifier>{275bbcb3-ec3e-41de-ac68-c8d340615b92}</UniqueIdentifier>
    </Filter>
    <Filter Include="Source Files\os">
      <UniqueIdentifier>{9da221f6-52c0-463c-b97c-457fafb9b747}</UniqueIdentifier>
    </Filter>
    <Filter Include="Source Files\os\win">
      <UniqueIdentifier>{f1efd17f-08b4-454d-a94c-bc3ecdc00f57}</UniqueIdentifier>
    </Filter>
    <Filter Include="Source Files\os\win\input">
      <UniqueIdentifier>{939730da-57f4-46a3-944e-188dcc3bf143}</UniqueIdentifier>
    </Filter>
    <Filter Include="Source Files\os\win\wgl">
      <UniqueIdentifier>{447298a8-bdfd-4972-94bc-00d379d37428}</UniqueIdentifier>
    </Filter>
  </ItemGroup>
  <ItemGroup>
    <ClCompile Include="..\..\..\src\Camera.cpp">
      <Filter>Source Files</Filter>
    </ClCompile>
    <ClCompile Include="..\..\..\src\Device.cpp">
      <Filter>Source Files</Filter>
    </ClCompile>
    <ClCompile Include="..\..\..\src\Font.cpp">
      <Filter>Source Files</Filter>
    </ClCompile>
    <ClCompile Include="..\..\..\src\Frame.cpp">
      <Filter>Source Files</Filter>
    </ClCompile>
    <ClCompile Include="..\..\..\src\Image.cpp">
      <Filter>Source Files</Filter>
    </ClCompile>
    <ClCompile Include="..\..\..\src\Light.cpp">
      <Filter>Source Files</Filter>
    </ClCompile>
    <ClCompile Include="..\..\..\src\Log.cpp">
      <Filter>Source Files</Filter>
    </ClCompile>
    <ClCompile Include="..\..\..\src\Material.cpp">
      <Filter>Source Files</Filter>
    </ClCompile>
    <ClCompile Include="..\..\..\src\Mesh.cpp">
      <Filter>Source Files</Filter>
    </ClCompile>
    <ClCompile Include="..\..\..\src\MeshChunk.cpp">
      <Filter>Source Files</Filter>
    </ClCompile>
    <ClCompile Include="..\..\..\src\MovableCamera.cpp">
      <Filter>Source Files</Filter>
    </ClCompile>
    <ClCompile Include="..\..\..\src\Pixel.cpp">
      <Filter>Source Files</Filter>
    </ClCompile>
    <ClCompile Include="..\..\..\src\RenderTarget.cpp">
      <Filter>Source Files</Filter>
    </ClCompile>
    <ClCompile Include="..\..\..\src\RenderWindow.cpp">
      <Filter>Source Files</Filter>
    </ClCompile>
    <ClCompile Include="..\..\..\src\ResourceManager.cpp">
      <Filter>Source Files</Filter>
    </ClCompile>
    <ClCompile Include="..\..\..\src\SceneManager.cpp">
      <Filter>Source Files</Filter>
    </ClCompile>
    <ClCompile Include="..\..\..\src\Sprite.cpp">
      <Filter>Source Files</Filter>
    </ClCompile>
    <ClCompile Include="..\..\..\src\Viewport.cpp">
      <Filter>Source Files</Filter>
    </ClCompile>
    <ClCompile Include="..\..\..\src\windowing\Button.cpp">
      <Filter>Source Files\windowing</Filter>
    </ClCompile>
    <ClCompile Include="..\..\..\src\windowing\DragArea.cpp">
      <Filter>Source Files\windowing</Filter>
    </ClCompile>
    <ClCompile Include="..\..\..\src\windowing\Themes.cpp">
      <Filter>Source Files\windowing</Filter>
    </ClCompile>
    <ClCompile Include="..\..\..\src\windowing\Widget.cpp">
      <Filter>Source Files\windowing</Filter>
    </ClCompile>
    <ClCompile Include="..\..\..\src\windowing\Window.cpp">
      <Filter>Source Files\windowing</Filter>
    </ClCompile>
    <ClCompile Include="..\..\..\src\windowing\WindowsManager.cpp">
      <Filter>Source Files\windowing</Filter>
    </ClCompile>
    <ClCompile Include="..\..\..\src\windowing\themes\LunaTheme.cpp">
      <Filter>Source Files\windowing\themes</Filter>
    </ClCompile>
    <ClCompile Include="..\..\..\src\windowing\layouts\CanvasLayout.cpp">
      <Filter>Source Files\windowing\layouts</Filter>
    </ClCompile>
    <ClCompile Include="..\..\..\src\windowing\layouts\StackLayout.cpp">
      <Filter>Source Files\windowing\layouts</Filter>
    </ClCompile>
    <ClCompile Include="..\..\..\src\renderers\gl\GLRenderer.cpp">
      <Filter>Source Files\renderer\gl</Filter>
    </ClCompile>
    <ClCompile Include="..\..\..\src\renderers\gl\GLSupport.cpp">
      <Filter>Source Files\renderer\gl</Filter>
    </ClCompile>
    <ClCompile Include="..\..\..\src\renderers\gl\GLTextRenderer.cpp">
      <Filter>Source Files\renderer\gl</Filter>
    </ClCompile>
    <ClCompile Include="..\..\..\src\renderers\gl\GLTexture.cpp">
      <Filter>Source Files\renderer\gl</Filter>
    </ClCompile>
    <ClCompile Include="..\..\..\src\core\bv\Frustum.cpp">
      <Filter>Source Files\core\bv</Filter>
    </ClCompile>
    <ClCompile Include="..\..\..\src\core\math\Angles.cpp">
      <Filter>Source Files\core\math</Filter>
    </ClCompile>
    <ClCompile Include="..\..\..\src\core\math\Mat3.cpp">
      <Filter>Source Files\core\math</Filter>
    </ClCompile>
    <ClCompile Include="..\..\..\src\core\math\Mat4.cpp">
      <Filter>Source Files\core\math</Filter>
    </ClCompile>
    <ClCompile Include="..\..\..\src\core\math\Plane.cpp">
      <Filter>Source Files\core\math</Filter>
    </ClCompile>
    <ClCompile Include="..\..\..\src\core\math\Quat.cpp">
      <Filter>Source Files\core\math</Filter>
    </ClCompile>
    <ClCompile Include="..\..\..\src\core\math\Vec2.cpp">
      <Filter>Source Files\core\math</Filter>
    </ClCompile>
    <ClCompile Include="..\..\..\src\core\math\Vec3.cpp">
      <Filter>Source Files\core\math</Filter>
    </ClCompile>
    <ClCompile Include="..\..\..\src\core\math\Vec4.cpp">
      <Filter>Source Files\core\math</Filter>
    </ClCompile>
    <ClCompile Include="..\..\..\src\core\mem\GarbageBin.cpp">
      <Filter>Source Files\core\mem</Filter>
    </ClCompile>
    <ClCompile Include="..\..\..\src\core\mem\ManagedObject.cpp">
      <Filter>Source Files\core\mem</Filter>
    </ClCompile>
    <ClCompile Include="..\..\..\src\windowing\Label.cpp">
      <Filter>Source Files\windowing</Filter>
    </ClCompile>
    <ClCompile Include="..\..\..\src\core\containers\Generic.cpp">
      <Filter>Source Files\core\containers</Filter>
    </ClCompile>
    <ClCompile Include="..\..\..\src\core\Object.cpp">
      <Filter>Source Files\core</Filter>
    </ClCompile>
    <ClCompile Include="..\..\..\src\core\Observable.cpp">
      <Filter>Source Files\core</Filter>
    </ClCompile>
    <ClCompile Include="..\..\..\src\windowing\ListView.cpp">
      <Filter>Source Files\windowing</Filter>
    </ClCompile>
    <ClCompile Include="..\..\..\src\Scene.cpp">
      <Filter>Source Files</Filter>
    </ClCompile>
    <ClCompile Include="..\..\..\src\core\streams\FileStream.cpp">
      <Filter>Source Files\core\streams</Filter>
    </ClCompile>
    <ClCompile Include="..\..\..\src\core\streams\MemoryStream.cpp">
      <Filter>Source Files\core\streams</Filter>
    </ClCompile>
    <ClCompile Include="..\..\..\src\core\streams\Stream.cpp">
      <Filter>Source Files\core\streams</Filter>
    </ClCompile>
    <ClCompile Include="..\..\..\src\renderers\gl\GLVertexBuffer.cpp">
      <Filter>Source Files\renderer\gl</Filter>
    </ClCompile>
    <ClCompile Include="..\..\..\src\renderers\gl\GLIndexBuffer.cpp">
      <Filter>Source Files\renderer\gl</Filter>
    </ClCompile>
    <ClCompile Include="..\..\..\src\Skybox.cpp">
      <Filter>Source Files</Filter>
    </ClCompile>
    <ClCompile Include="..\..\..\src\renderers\gl\GLOcclusionQuery.cpp">
      <Filter>Source Files\renderer\gl</Filter>
    </ClCompile>
    <ClCompile Include="..\..\..\src\core\math\MathUtils.cpp">
      <Filter>Source Files\core\math</Filter>
    </ClCompile>
    <ClCompile Include="..\..\..\src\SceneNode.cpp">
      <Filter>Source Files</Filter>
    </ClCompile>
    <ClCompile Include="..\..\..\src\windowing\TextBox.cpp">
      <Filter>Source Files\windowing</Filter>
    </ClCompile>
    <ClCompile Include="..\..\..\src\loaders\BMPImageLoader.cpp">
      <Filter>Source Files\loaders</Filter>
    </ClCompile>
    <ClCompile Include="..\..\..\src\loaders\CRWDecoder.cpp">
      <Filter>Source Files\loaders</Filter>
    </ClCompile>
    <ClCompile Include="..\..\..\src\loaders\TGAImageLoader.cpp">
      <Filter>Source Files\loaders</Filter>
    </ClCompile>
    <ClCompile Include="..\..\..\src\windowing\toolbox\TextInputWindow.cpp">
      <Filter>Source Files\windowing\toolbox</Filter>
    </ClCompile>
    <ClCompile Include="..\..\..\src\windowing\ScrollArea.cpp">
      <Filter>Source Files\windowing</Filter>
    </ClCompile>
    <ClCompile Include="..\..\..\src\filesystem\Filesystem.cpp">
      <Filter>Source Files\filesystem</Filter>
    </ClCompile>
    <ClCompile Include="..\..\..\src\windowing\TreeView.cpp">
      <Filter>Source Files\windowing</Filter>
    </ClCompile>
    <ClCompile Include="..\..\..\src\renderers\gl\GLTextureManager.cpp">
      <Filter>Source Files\renderer\gl</Filter>
    </ClCompile>
    <ClCompile Include="..\..\..\src\MeshManager.cpp">
      <Filter>Source Files</Filter>
    </ClCompile>
    <ClCompile Include="..\..\..\src\FontManager.cpp">
      <Filter>Source Files</Filter>
    </ClCompile>
    <ClCompile Include="..\..\..\src\loaders\XMLReader.cpp">
      <Filter>Source Files\loaders</Filter>
    </ClCompile>
    <ClCompile Include="..\..\..\src\loaders\XWMLReader.cpp">
      <Filter>Source Files\loaders</Filter>
    </ClCompile>
    <ClCompile Include="..\..\..\src\windowing\toolbox\MessageWindow.cpp">
      <Filter>Source Files\windowing\toolbox</Filter>
    </ClCompile>
    <ClCompile Include="..\..\..\src\core\math\Point2.cpp">
      <Filter>Source Files\core\math</Filter>
    </ClCompile>
    <ClCompile Include="..\..\..\src\windowing\Bind.cpp">
      <Filter>Source Files\windowing</Filter>
    </ClCompile>
    <ClCompile Include="..\..\..\src\windowing\WindowContext.cpp">
      <Filter>Source Files\windowing</Filter>
    </ClCompile>
    <ClCompile Include="..\..\..\src\core\Weak.cpp">
      <Filter>Source Files\core</Filter>
    </ClCompile>
    <ClCompile Include="..\..\..\src\windowing\Property.cpp">
      <Filter>Source Files\windowing</Filter>
    </ClCompile>
    <ClCompile Include="..\..\..\src\windowing\SpecificProperties.cpp">
      <Filter>Source Files\windowing</Filter>
    </ClCompile>
    <ClCompile Include="..\..\..\src\windowing\ItemsWidget.cpp">
      <Filter>Source Files\windowing</Filter>
    </ClCompile>
    <ClCompile Include="..\..\..\src\windowing\ItemsSelector.cpp">
      <Filter>Source Files\windowing</Filter>
    </ClCompile>
    <ClCompile Include="..\..\..\src\windowing\ImageWidget.cpp">
      <Filter>Source Files\windowing</Filter>
    </ClCompile>
    <ClCompile Include="..\..\..\src\input\EventDispatcher.cpp">
      <Filter>Source Files\input</Filter>
    </ClCompile>
    <ClCompile Include="..\..\..\src\Entity.cpp">
      <Filter>Source Files</Filter>
    </ClCompile>
    <ClCompile Include="..\..\..\src\SpriteAnimator.cpp">
      <Filter>Source Files</Filter>
    </ClCompile>
    <ClCompile Include="..\..\..\src\ImageLoader.cpp">
      <Filter>Source Files</Filter>
    </ClCompile>
    <ClCompile Include="..\..\..\src\PhysicsManager.cpp">
      <Filter>Source Files</Filter>
    </ClCompile>
    <ClCompile Include="..\..\..\src\PhysicNode.cpp">
      <Filter>Source Files</Filter>
    </ClCompile>
    <ClCompile Include="..\..\..\src\input\InputManager.cpp">
      <Filter>Source Files\input</Filter>
    </ClCompile>
    <ClCompile Include="..\..\..\src\Renderer.cpp">
      <Filter>Source Files</Filter>
    </ClCompile>
    <ClCompile Include="..\..\..\src\core\math\Shape.cpp">
      <Filter>Source Files\core\math</Filter>
    </ClCompile>
    <ClCompile Include="..\..\..\src\core\bv\Circle.cpp">
      <Filter>Source Files\core\bv</Filter>
    </ClCompile>
    <ClCompile Include="..\..\..\src\core\math\Color4.cpp">
      <Filter>Source Files\core\math</Filter>
    </ClCompile>
    <ClCompile Include="..\..\..\src\ParticleEmitter.cpp">
      <Filter>Source Files</Filter>
    </ClCompile>
    <ClCompile Include="..\..\..\src\ParticleManager.cpp">
      <Filter>Source Files</Filter>
    </ClCompile>
    <ClCompile Include="..\..\..\src\core\containers\Str.cpp">
      <Filter>Source Files\core\containers</Filter>
    </ClCompile>
    <ClCompile Include="..\..\..\src\os\win\WinOS.cpp">
      <Filter>Source Files\os\win</Filter>
    </ClCompile>
    <ClCompile Include="..\..\..\src\os\win\WinTimer.cpp">
      <Filter>Source Files\os\win</Filter>
    </ClCompile>
    <ClCompile Include="..\..\..\src\os\win\wgl\WGLRenderWindow.cpp">
      <Filter>Source Files\os\win\wgl</Filter>
    </ClCompile>
    <ClCompile Include="..\..\..\src\os\win\input\WinInputManager.cpp">
      <Filter>Source Files\os\win\input</Filter>
    </ClCompile>
    <ClCompile Include="..\..\..\src\os\win\input\WinKeyboard.cpp">
      <Filter>Source Files\os\win\input</Filter>
    </ClCompile>
    <ClCompile Include="..\..\..\src\os\win\input\WinMouse.cpp">
      <Filter>Source Files\os\win\input</Filter>
    </ClCompile>
    <ClCompile Include="..\..\..\src\core\bv\Rect.cpp">
      <Filter>Source Files\core\bv</Filter>
    </ClCompile>
  </ItemGroup>
  <ItemGroup>
    <ClInclude Include="..\..\..\src\BMPImageLoader.h">
      <Filter>Header Files</Filter>
    </ClInclude>
    <ClInclude Include="..\..\..\src\Camera.h">
      <Filter>Header Files</Filter>
    </ClInclude>
    <ClInclude Include="..\..\..\src\Config.h">
      <Filter>Header Files</Filter>
    </ClInclude>
    <ClInclude Include="..\..\..\src\Crown.h">
      <Filter>Header Files</Filter>
    </ClInclude>
    <ClInclude Include="..\..\..\src\CursorControl.h">
      <Filter>Header Files</Filter>
    </ClInclude>
    <ClInclude Include="..\..\..\src\Data.h">
      <Filter>Header Files</Filter>
    </ClInclude>
    <ClInclude Include="..\..\..\src\Device.h">
      <Filter>Header Files</Filter>
    </ClInclude>
    <ClInclude Include="..\..\..\src\Font.h">
      <Filter>Header Files</Filter>
    </ClInclude>
    <ClInclude Include="..\..\..\src\Frame.h">
      <Filter>Header Files</Filter>
    </ClInclude>
    <ClInclude Include="..\..\..\src\Glyph.h">
      <Filter>Header Files</Filter>
    </ClInclude>
    <ClInclude Include="..\..\..\src\Image.h">
      <Filter>Header Files</Filter>
    </ClInclude>
    <ClInclude Include="..\..\..\src\ImageLoader.h">
      <Filter>Header Files</Filter>
    </ClInclude>
    <ClInclude Include="..\..\..\src\Light.h">
      <Filter>Header Files</Filter>
    </ClInclude>
    <ClInclude Include="..\..\..\src\Log.h">
      <Filter>Header Files</Filter>
    </ClInclude>
    <ClInclude Include="..\..\..\src\LogManager.h">
      <Filter>Header Files</Filter>
    </ClInclude>
    <ClInclude Include="..\..\..\src\Material.h">
      <Filter>Header Files</Filter>
    </ClInclude>
    <ClInclude Include="..\..\..\src\Mesh.h">
      <Filter>Header Files</Filter>
    </ClInclude>
    <ClInclude Include="..\..\..\src\MeshChunk.h">
      <Filter>Header Files</Filter>
    </ClInclude>
    <ClInclude Include="..\..\..\src\MeshLoader.h">
      <Filter>Header Files</Filter>
    </ClInclude>
    <ClInclude Include="..\..\..\src\MovableCamera.h">
      <Filter>Header Files</Filter>
    </ClInclude>
    <ClInclude Include="..\..\..\src\OBJMeshLoader.h">
      <Filter>Header Files</Filter>
    </ClInclude>
    <ClInclude Include="..\..\..\src\OpenGl.h">
      <Filter>Header Files</Filter>
    </ClInclude>
    <ClInclude Include="..\..\..\src\Pixel.h">
      <Filter>Header Files</Filter>
    </ClInclude>
    <ClInclude Include="..\..\..\src\PixelFormat.h">
      <Filter>Header Files</Filter>
    </ClInclude>
    <ClInclude Include="..\..\..\src\RenderBuffer.h">
      <Filter>Header Files</Filter>
    </ClInclude>
    <ClInclude Include="..\..\..\src\RenderContext.h">
      <Filter>Header Files</Filter>
    </ClInclude>
    <ClInclude Include="..\..\..\src\Renderer.h">
      <Filter>Header Files</Filter>
    </ClInclude>
    <ClInclude Include="..\..\..\src\RenderTarget.h">
      <Filter>Header Files</Filter>
    </ClInclude>
    <ClInclude Include="..\..\..\src\RenderWindow.h">
      <Filter>Header Files</Filter>
    </ClInclude>
    <ClInclude Include="..\..\..\src\ResourceManager.h">
      <Filter>Header Files</Filter>
    </ClInclude>
    <ClInclude Include="..\..\..\src\SceneManager.h">
      <Filter>Header Files</Filter>
    </ClInclude>
    <ClInclude Include="..\..\..\src\Sprite.h">
      <Filter>Header Files</Filter>
    </ClInclude>
    <ClInclude Include="..\..\..\src\TextRenderer.h">
      <Filter>Header Files</Filter>
    </ClInclude>
    <ClInclude Include="..\..\..\src\Texture.h">
      <Filter>Header Files</Filter>
    </ClInclude>
    <ClInclude Include="..\..\..\src\TGAImageLoader.h">
      <Filter>Header Files</Filter>
    </ClInclude>
    <ClInclude Include="..\..\..\src\Timer.h">
      <Filter>Header Files</Filter>
    </ClInclude>
    <ClInclude Include="..\..\..\src\Vertex3.h">
      <Filter>Header Files</Filter>
    </ClInclude>
    <ClInclude Include="..\..\..\src\VideoMode.h">
      <Filter>Header Files</Filter>
    </ClInclude>
    <ClInclude Include="..\..\..\src\Viewport.h">
      <Filter>Header Files</Filter>
    </ClInclude>
    <ClInclude Include="..\..\..\src\WinCursorControl.h">
      <Filter>Header Files</Filter>
    </ClInclude>
    <ClInclude Include="..\..\..\src\WindowEventHandler.h">
      <Filter>Header Files</Filter>
    </ClInclude>
    <ClInclude Include="..\..\..\src\WindowsInclude.h">
      <Filter>Header Files</Filter>
    </ClInclude>
    <ClInclude Include="..\..\..\src\XCursorControl.h">
      <Filter>Header Files</Filter>
    </ClInclude>
    <ClInclude Include="..\..\..\src\windowing\Button.h">
      <Filter>Header Files\windowing</Filter>
    </ClInclude>
    <ClInclude Include="..\..\..\src\windowing\DragArea.h">
      <Filter>Header Files\windowing</Filter>
    </ClInclude>
    <ClInclude Include="..\..\..\src\windowing\Themes.h">
      <Filter>Header Files\windowing</Filter>
    </ClInclude>
    <ClInclude Include="..\..\..\src\windowing\ThemeSpriteWidget.h">
      <Filter>Header Files\windowing</Filter>
    </ClInclude>
    <ClInclude Include="..\..\..\src\windowing\Widget.h">
      <Filter>Header Files\windowing</Filter>
    </ClInclude>
    <ClInclude Include="..\..\..\src\windowing\Window.h">
      <Filter>Header Files\windowing</Filter>
    </ClInclude>
    <ClInclude Include="..\..\..\src\windowing\WindowsManager.h">
      <Filter>Header Files\windowing</Filter>
    </ClInclude>
    <ClInclude Include="..\..\..\src\windowing\themes\LunaTheme.h">
      <Filter>Header Files\windowing\themes</Filter>
    </ClInclude>
    <ClInclude Include="..\..\..\src\windowing\layouts\CanvasLayout.h">
      <Filter>Header Files\windowing\layout</Filter>
    </ClInclude>
    <ClInclude Include="..\..\..\src\windowing\layouts\StackLayout.h">
      <Filter>Header Files\windowing\layout</Filter>
    </ClInclude>
    <ClInclude Include="..\..\..\src\renderers\gl\GLRenderer.h">
      <Filter>Header Files\renderer\gl</Filter>
    </ClInclude>
    <ClInclude Include="..\..\..\src\renderers\gl\GLSupport.h">
      <Filter>Header Files\renderer\gl</Filter>
    </ClInclude>
    <ClInclude Include="..\..\..\src\renderers\gl\GLTextRenderer.h">
      <Filter>Header Files\renderer\gl</Filter>
    </ClInclude>
    <ClInclude Include="..\..\..\src\renderers\gl\GLTexture.h">
      <Filter>Header Files\renderer\gl</Filter>
    </ClInclude>
    <ClInclude Include="..\..\..\src\renderers\gl\wgl\WGLRenderWindow.h">
      <Filter>Header Files\renderer\gl\wgl</Filter>
    </ClInclude>
    <ClInclude Include="..\..\..\src\core\bv\Box.h">
      <Filter>Header Files\core\bv</Filter>
    </ClInclude>
    <ClInclude Include="..\..\..\src\core\bv\Frustum.h">
      <Filter>Header Files\core\bv</Filter>
    </ClInclude>
    <ClInclude Include="..\..\..\src\core\bv\Sphere.h">
      <Filter>Header Files\core\bv</Filter>
    </ClInclude>
    <ClInclude Include="..\..\..\src\core\containers\Dictionary.h">
      <Filter>Header Files\core\containers</Filter>
    </ClInclude>
    <ClInclude Include="..\..\..\src\core\containers\IEnumerable.h">
      <Filter>Header Files\core\containers</Filter>
    </ClInclude>
    <ClInclude Include="..\..\..\src\core\containers\List.h">
      <Filter>Header Files\core\containers</Filter>
    </ClInclude>
    <ClInclude Include="..\..\..\src\core\containers\RBTree.h">
      <Filter>Header Files\core\containers</Filter>
    </ClInclude>
    <ClInclude Include="..\..\..\src\core\math\Angles.h">
      <Filter>Header Files\core\math</Filter>
    </ClInclude>
    <ClInclude Include="..\..\..\src\core\math\Mat3.h">
      <Filter>Header Files\core\math</Filter>
    </ClInclude>
    <ClInclude Include="..\..\..\src\core\math\Mat4.h">
      <Filter>Header Files\core\math</Filter>
    </ClInclude>
    <ClInclude Include="..\..\..\src\core\math\Plane.h">
      <Filter>Header Files\core\math</Filter>
    </ClInclude>
    <ClInclude Include="..\..\..\src\core\math\Quat.h">
      <Filter>Header Files\core\math</Filter>
    </ClInclude>
    <ClInclude Include="..\..\..\src\core\math\Ray.h">
      <Filter>Header Files\core\math</Filter>
    </ClInclude>
    <ClInclude Include="..\..\..\src\core\math\Vec2.h">
      <Filter>Header Files\core\math</Filter>
    </ClInclude>
    <ClInclude Include="..\..\..\src\core\math\Vec3.h">
      <Filter>Header Files\core\math</Filter>
    </ClInclude>
    <ClInclude Include="..\..\..\src\core\math\Vec4.h">
      <Filter>Header Files\core\math</Filter>
    </ClInclude>
    <ClInclude Include="..\..\..\src\core\mem\GarbageBin.h">
      <Filter>Header Files\core\mem</Filter>
    </ClInclude>
    <ClInclude Include="..\..\..\src\core\mem\ManagedObject.h">
      <Filter>Header Files\core\mem</Filter>
    </ClInclude>
    <ClInclude Include="..\..\..\src\core\Common.h">
      <Filter>Header Files\core</Filter>
    </ClInclude>
    <ClInclude Include="..\..\..\src\core\Exceptions.h">
      <Filter>Header Files\core</Filter>
    </ClInclude>
    <ClInclude Include="..\..\..\src\core\SignalSlot.h">
      <Filter>Header Files\core</Filter>
    </ClInclude>
    <ClInclude Include="..\..\..\src\core\Types.h">
      <Filter>Header Files\core</Filter>
    </ClInclude>
    <ClInclude Include="..\..\..\src\windowing\Label.h">
      <Filter>Header Files\windowing</Filter>
    </ClInclude>
    <ClInclude Include="..\..\..\src\core\containers\Generic.h">
      <Filter>Header Files\core\containers</Filter>
    </ClInclude>
    <ClInclude Include="..\..\..\src\core\Object.h">
      <Filter>Header Files\core</Filter>
    </ClInclude>
    <ClInclude Include="..\..\..\src\core\CoreEventArgs.h">
      <Filter>Header Files\core</Filter>
    </ClInclude>
    <ClInclude Include="..\..\..\src\core\Observable.h">
      <Filter>Header Files\core</Filter>
    </ClInclude>
    <ClInclude Include="..\..\..\src\windowing\ItemsSelector.h">
      <Filter>Header Files\windowing</Filter>
    </ClInclude>
    <ClInclude Include="..\..\..\src\windowing\ItemsWidget.h">
      <Filter>Header Files\windowing</Filter>
    </ClInclude>
    <ClInclude Include="..\..\..\src\windowing\ListView.h">
      <Filter>Header Files\windowing</Filter>
    </ClInclude>
    <ClInclude Include="..\..\..\src\windowing\WindowingEventArgs.h">
      <Filter>Header Files\windowing</Filter>
    </ClInclude>
    <ClInclude Include="..\..\..\src\Scene.h">
      <Filter>Header Files</Filter>
    </ClInclude>
    <ClInclude Include="..\..\..\src\core\streams\FileStream.h">
      <Filter>Header Files\core\streams</Filter>
    </ClInclude>
    <ClInclude Include="..\..\..\src\core\streams\MemoryStream.h">
      <Filter>Header Files\core\streams</Filter>
    </ClInclude>
    <ClInclude Include="..\..\..\src\core\streams\Stream.h">
      <Filter>Header Files\core\streams</Filter>
    </ClInclude>
    <ClInclude Include="..\..\..\src\CRWDecoder.h">
      <Filter>Header Files</Filter>
    </ClInclude>
    <ClInclude Include="..\..\..\src\VertexBuffer.h">
      <Filter>Header Files</Filter>
    </ClInclude>
    <ClInclude Include="..\..\..\src\renderers\gl\GLVertexBuffer.h">
      <Filter>Header Files\renderer\gl</Filter>
    </ClInclude>
    <ClInclude Include="..\..\..\src\renderers\gl\GLIndexBuffer.h">
      <Filter>Header Files\renderer\gl</Filter>
    </ClInclude>
    <ClInclude Include="..\..\..\src\IndexBuffer.h">
      <Filter>Header Files</Filter>
    </ClInclude>
    <ClInclude Include="..\..\..\src\Skybox.h">
      <Filter>Header Files</Filter>
    </ClInclude>
    <ClInclude Include="..\..\..\src\OcclusionQuery.h">
      <Filter>Header Files</Filter>
    </ClInclude>
    <ClInclude Include="..\..\..\src\renderers\gl\GLOcclusionQuery.h">
      <Filter>Header Files\renderer\gl</Filter>
    </ClInclude>
    <ClInclude Include="..\..\..\src\core\Delegate.h">
      <Filter>Header Files\core</Filter>
    </ClInclude>
    <ClInclude Include="..\..\..\src\windowing\templates\ITemplate.h">
      <Filter>Header Files\windowing\templates</Filter>
    </ClInclude>
    <ClInclude Include="..\..\..\src\core\Shared.h">
      <Filter>Header Files\core</Filter>
    </ClInclude>
    <ClInclude Include="..\..\..\src\windowing\TextBox.h">
      <Filter>Header Files\windowing</Filter>
    </ClInclude>
    <ClInclude Include="..\..\..\src\loaders\BMPImageLoader.h">
      <Filter>Header Files\loaders</Filter>
    </ClInclude>
    <ClInclude Include="..\..\..\src\loaders\CRWDecoder.h">
      <Filter>Header Files\loaders</Filter>
    </ClInclude>
    <ClInclude Include="..\..\..\src\loaders\TGAImageLoader.h">
      <Filter>Header Files\loaders</Filter>
    </ClInclude>
    <ClInclude Include="..\..\..\src\windowing\toolbox\TextInputWindow.h">
      <Filter>Header Files\windowing\toolbox</Filter>
    </ClInclude>
    <ClInclude Include="..\..\..\src\filesystem\Host.h">
      <Filter>Header Files\filesystem</Filter>
    </ClInclude>
    <ClInclude Include="..\..\..\src\core\math\Interpolation.h">
      <Filter>Header Files\core\math</Filter>
    </ClInclude>
    <ClInclude Include="..\..\..\src\windowing\ScrollArea.h">
      <Filter>Header Files\windowing</Filter>
    </ClInclude>
    <ClInclude Include="..\..\..\src\filesystem\Filesystem.h">
      <Filter>Header Files\filesystem</Filter>
    </ClInclude>
    <ClInclude Include="..\..\..\src\filesystem\Path.h">
      <Filter>Header Files\filesystem</Filter>
    </ClInclude>
    <ClInclude Include="..\..\..\src\filesystem\RegularFile.h">
      <Filter>Header Files\filesystem</Filter>
    </ClInclude>
    <ClInclude Include="..\..\..\src\filesystem\ArchiveFile.h">
      <Filter>Header Files\filesystem</Filter>
    </ClInclude>
    <ClInclude Include="..\..\..\src\windowing\TreeView.h">
      <Filter>Header Files\windowing</Filter>
    </ClInclude>
    <ClInclude Include="..\..\..\src\TextureManager.h">
      <Filter>Header Files</Filter>
    </ClInclude>
    <ClInclude Include="..\..\..\src\renderers\gl\GLTextureManager.h">
      <Filter>Header Files\renderer\gl</Filter>
    </ClInclude>
    <ClInclude Include="..\..\..\src\MeshManager.h">
      <Filter>Header Files</Filter>
    </ClInclude>
    <ClInclude Include="..\..\..\src\core\math\MathUtils.h">
      <Filter>Header Files\core\math</Filter>
    </ClInclude>
    <ClInclude Include="..\..\..\src\FontManager.h">
      <Filter>Header Files</Filter>
    </ClInclude>
    <ClInclude Include="..\..\..\src\loaders\XMLReader.h">
      <Filter>Header Files\loaders</Filter>
    </ClInclude>
    <ClInclude Include="..\..\..\src\core\Auto.h">
      <Filter>Header Files\core</Filter>
    </ClInclude>
    <ClInclude Include="..\..\..\src\loaders\XWMLReader.h">
      <Filter>Header Files\loaders</Filter>
    </ClInclude>
    <ClInclude Include="..\..\..\src\filesystem\Directory.h">
      <Filter>Header Files\filesystem</Filter>
    </ClInclude>
    <ClInclude Include="..\..\..\src\windowing\toolbox\MessageWindow.h">
      <Filter>Header Files\windowing\toolbox</Filter>
    </ClInclude>
    <ClInclude Include="..\..\..\src\core\math\Point2.h">
      <Filter>Header Files\core\math</Filter>
    </ClInclude>
    <ClInclude Include="..\..\..\src\core\WithProperties.h">
      <Filter>Header Files\core</Filter>
    </ClInclude>
    <ClInclude Include="..\..\..\src\windowing\Bind.h">
      <Filter>Header Files\windowing</Filter>
    </ClInclude>
    <ClInclude Include="..\..\..\src\windowing\WindowContext.h">
      <Filter>Header Files\windowing</Filter>
    </ClInclude>
    <ClInclude Include="..\..\..\src\core\Weak.h">
      <Filter>Header Files\core</Filter>
    </ClInclude>
    <ClInclude Include="..\..\..\src\windowing\Property.h">
      <Filter>Header Files\windowing</Filter>
    </ClInclude>
    <ClInclude Include="..\..\..\src\windowing\SpecificProperties.h">
      <Filter>Header Files\windowing</Filter>
    </ClInclude>
    <ClInclude Include="..\..\..\src\windowing\ImageWidget.h">
      <Filter>Header Files\windowing</Filter>
    </ClInclude>
    <ClInclude Include="..\..\..\src\input\EventDispatcher.h">
      <Filter>Header Files\input</Filter>
    </ClInclude>
    <ClInclude Include="..\..\..\src\input\InputManager.h">
      <Filter>Header Files\input</Filter>
    </ClInclude>
    <ClInclude Include="..\..\..\src\input\Keyboard.h">
      <Filter>Header Files\input</Filter>
    </ClInclude>
    <ClInclude Include="..\..\..\src\input\KeyCode.h">
      <Filter>Header Files\input</Filter>
    </ClInclude>
    <ClInclude Include="..\..\..\src\input\Mouse.h">
      <Filter>Header Files\input</Filter>
    </ClInclude>
    <ClInclude Include="..\..\..\src\SceneNode.h">
      <Filter>Header Files</Filter>
    </ClInclude>
    <ClInclude Include="..\..\..\src\Entity.h">
      <Filter>Header Files</Filter>
    </ClInclude>
    <ClInclude Include="..\..\..\src\SpriteAnimator.h">
      <Filter>Header Files</Filter>
    </ClInclude>
    <ClInclude Include="resources.h">
      <Filter>Header Files</Filter>
    </ClInclude>
    <ClInclude Include="..\..\..\src\core\math\Intersection.h">
      <Filter>Header Files\core\math</Filter>
    </ClInclude>
    <ClInclude Include="..\..\..\src\core\math\Triangle.h">
      <Filter>Header Files\core\math</Filter>
    </ClInclude>
    <ClInclude Include="..\..\..\src\PhysicsManager.h">
      <Filter>Header Files</Filter>
    </ClInclude>
    <ClInclude Include="..\..\..\src\PhysicNode.h">
      <Filter>Header Files</Filter>
    </ClInclude>
    <ClInclude Include="..\..\..\src\renderers\gl\glx\GLXRenderWindow.h">
      <Filter>Header Files\renderer\gl\glx</Filter>
    </ClInclude>
    <ClInclude Include="..\..\..\src\core\math\Shape.h">
      <Filter>Header Files\core\math</Filter>
    </ClInclude>
    <ClInclude Include="..\..\..\src\core\bv\Circle.h">
      <Filter>Header Files\core\bv</Filter>
    </ClInclude>
    <ClInclude Include="..\..\..\src\core\math\Color4.h">
      <Filter>Header Files\core\math</Filter>
    </ClInclude>
    <ClInclude Include="..\..\..\src\ParticleEmitter.h">
      <Filter>Header Files</Filter>
    </ClInclude>
    <ClInclude Include="..\..\..\src\ParticleManager.h">
      <Filter>Header Files</Filter>
    </ClInclude>
    <ClInclude Include="..\..\..\src\core\math\Random.h">
      <Filter>Header Files\core\math</Filter>
    </ClInclude>
    <ClInclude Include="..\..\..\src\input\Touch.h">
      <Filter>Header Files\input</Filter>
    </ClInclude>
    <ClInclude Include="..\..\..\src\core\containers\Str.h">
      <Filter>Header Files\core\containers</Filter>
    </ClInclude>
    <ClInclude Include="..\..\..\src\core\bv\Rect.h">
      <Filter>Header Files\core\bv</Filter>
    </ClInclude>
    <ClInclude Include="..\..\..\src\os\OS.h">
      <Filter>Header Files\os</Filter>
    </ClInclude>
    <ClInclude Include="..\..\..\src\os\win\WinTimer.h">
      <Filter>Header Files\os\win</Filter>
    </ClInclude>
    <ClInclude Include="..\..\..\src\os\win\wgl\WGLRenderWindow.h">
      <Filter>Header Files\os\win\wgl</Filter>
    </ClInclude>
    <ClInclude Include="..\..\..\src\os\win\input\WinInputManager.h">
      <Filter>Header Files\os\win\input</Filter>
    </ClInclude>
    <ClInclude Include="..\..\..\src\os\win\input\WinKeyboard.h">
      <Filter>Header Files\os\win\input</Filter>
    </ClInclude>
    <ClInclude Include="..\..\..\src\os\win\input\WinMouse.h">
      <Filter>Header Files\os\win\input</Filter>
    </ClInclude>
  </ItemGroup>
  <ItemGroup>
    <ResourceCompile Include="crown.rc">
      <Filter>Resource Files</Filter>
    </ResourceCompile>
  </ItemGroup>
  <ItemGroup>
    <None Include="..\..\..\res\napoleon.ico">
      <Filter>Resource Files</Filter>
    </None>
  </ItemGroup>
</Project>