<?xml version="1.0" encoding="utf-8"?>
<Project ToolsVersion="4.0" xmlns="http://schemas.microsoft.com/developer/msbuild/2003">
  <ItemGroup>
    <Filter Include="Source Files">
      <UniqueIdentifier>{4FC737F1-C7A5-4376-A066-2A32D752A2FF}</UniqueIdentifier>
      <Extensions>cpp;c;cc;cxx;def;odl;idl;hpj;bat;asm;asmx</Extensions>
    </Filter>
    <Filter Include="Header Files">
      <UniqueIdentifier>{93995380-89BD-4b04-88EB-625FBE52EBFB}</UniqueIdentifier>
      <Extensions>h;hpp;hxx;hm;inl;inc;xsd</Extensions>
    </Filter>
    <Filter Include="Resource Files">
      <UniqueIdentifier>{67DA6AB6-F800-4c08-8B7A-83BB121AAD01}</UniqueIdentifier>
      <Extensions>rc;ico;cur;bmp;dlg;rc2;rct;bin;rgs;gif;jpg;jpeg;jpe;resx;tiff;tif;png;wav;mfcribbon-ms</Extensions>
    </Filter>
    <Filter Include="Source Files\scenes">
      <UniqueIdentifier>{053733d3-f51a-4451-8933-74ab42f800b7}</UniqueIdentifier>
    </Filter>
    <Filter Include="Header Files\scenes">
      <UniqueIdentifier>{04f91b24-430b-452b-af27-08b81bac1ee4}</UniqueIdentifier>
    </Filter>
    <Filter Include="Header Files\entities">
      <UniqueIdentifier>{d12bc3bf-8618-46da-8bdb-77bb833f87b5}</UniqueIdentifier>
    </Filter>
    <Filter Include="Source Files\entities">
      <UniqueIdentifier>{dd34e7d6-fd2e-4d18-8c5c-52c8ba7c546d}</UniqueIdentifier>
    </Filter>
  </ItemGroup>
  <ItemGroup>
    <ClInclude Include="..\..\..\src\tests\TestApp.h">
      <Filter>Header Files</Filter>
    </ClInclude>
    <ClInclude Include="..\..\..\src\tests\TestScene.h">
      <Filter>Header Files</Filter>
    </ClInclude>
    <ClInclude Include="..\..\..\src\tests\chainsawbuffet\scenes\ArenaScene.h">
      <Filter>Header Files\scenes</Filter>
    </ClInclude>
    <ClInclude Include="..\..\..\src\tests\chainsawbuffet\entities\Pg.h">
      <Filter>Header Files\entities</Filter>
    </ClInclude>
    <ClInclude Include="..\..\..\src\tests\chainsawbuffet\entities\SolidSceneNode.h">
      <Filter>Header Files\entities</Filter>
    </ClInclude>
    <ClInclude Include="..\..\..\src\tests\chainsawbuffet\Globals.h">
      <Filter>Header Files</Filter>
    </ClInclude>
    <ClInclude Include="..\crown\resources.h">
      <Filter>Header Files</Filter>
    </ClInclude>
    <ClInclude Include="..\..\..\src\tests\chainsawbuffet\entities\Zombie.h">
      <Filter>Header Files\entities</Filter>
    </ClInclude>
    <ClInclude Include="..\..\..\src\tests\chainsawbuffet\entities\Joystick.h">
      <Filter>Header Files\entities</Filter>
    </ClInclude>
    <ClInclude Include="..\..\..\src\tests\chainsawbuffet\entities\Bullet.h">
      <Filter>Header Files\entities</Filter>
    </ClInclude>
    <ClInclude Include="..\..\..\src\tests\chainsawbuffet\entities\Wall.h">
      <Filter>Header Files\entities</Filter>
    </ClInclude>
    <ClInclude Include="..\..\..\src\tests\chainsawbuffet\entities\Background.h">
      <Filter>Header Files\entities</Filter>
    </ClInclude>
  </ItemGroup>
  <ItemGroup>
    <ClCompile Include="..\..\..\src\tests\chainsawbuffet\scenes\ArenaScene.cpp">
      <Filter>Source Files\scenes</Filter>
    </ClCompile>
    <ClCompile Include="..\..\..\src\tests\chainsawbuffet\entities\Pg.cpp">
      <Filter>Source Files\entities</Filter>
    </ClCompile>
    <ClCompile Include="..\..\..\src\tests\chainsawbuffet\entities\SolidSceneNode.cpp">
      <Filter>Source Files\entities</Filter>
    </ClCompile>
    <ClCompile Include="..\..\..\src\tests\chainsawbuffet\entities\Joystick.cpp">
      <Filter>Source Files\entities</Filter>
    </ClCompile>
    <ClCompile Include="..\..\..\src\tests\chainsawbuffet\Globals.cpp">
      <Filter>Source Files</Filter>
    </ClCompile>
    <ClCompile Include="..\..\..\src\tests\chainsawbuffet\entities\Zombie.cpp">
      <Filter>Source Files\entities</Filter>
    </ClCompile>
    <ClCompile Include="..\..\..\src\tests\chainsawbuffet\entities\Bullet.cpp">
      <Filter>Source Files\entities</Filter>
    </ClCompile>
    <ClCompile Include="..\..\..\src\tests\chainsawbuffet\entities\Wall.cpp">
      <Filter>Source Files\entities</Filter>
    </ClCompile>
    <ClCompile Include="..\..\..\src\tests\chainsawbuffet\entities\Background.cpp">
      <Filter>Source Files\entities</Filter>
    </ClCompile>
    <ClCompile Include="..\..\..\src\tests\chainsawbuffet\main.cpp">
      <Filter>Source Files</Filter>
    </ClCompile>
  </ItemGroup>
  <ItemGroup>
    <ResourceCompile Include="..\crown\crown.rc">
      <Filter>Resource Files</Filter>
    </ResourceCompile>
  </ItemGroup>
  <ItemGroup>
    <None Include="..\..\..\res\napoleon.ico">
      <Filter>Resource Files</Filter>
    </None>
  </ItemGroup>
</Project>