
Microsoft Visual Studio Solution File, Format Version 11.00
# Visual Studio 2010
Project("{8BC9CEB8-8B4A-11D0-8D11-00A0C91BC942}") = "crown", "crown\crown.vcxproj", "{1496695E-20F6-4D89-9A83-D804C4658FC6}"
EndProject
Project("{8BC9CEB8-8B4A-11D0-8D11-00A0C91BC942}") = "tests", "tests\tests.vcxproj", "{0FF7A88C-EF41-463B-A1C8-E4C259363B10}"
	ProjectSection(ProjectDependencies) = postProject
		{1496695E-20F6-4D89-9A83-D804C4658FC6} = {1496695E-20F6-4D89-9A83-D804C4658FC6}
	EndProjectSection
EndProject
Global
	GlobalSection(SolutionConfigurationPlatforms) = preSolution
		Debug|Win32 = Debug|Win32
		Release|Win32 = Release|Win32
	EndGlobalSection
	GlobalSection(ProjectConfigurationPlatforms) = postSolution
		{1496695E-20F6-4D89-9A83-D804C4658FC6}.Debug|Win32.ActiveCfg = Debug|Win32
		{1496695E-20F6-4D89-9A83-D804C4658FC6}.Debug|Win32.Build.0 = Debug|Win32
		{1496695E-20F6-4D89-9A83-D804C4658FC6}.Release|Win32.ActiveCfg = Release|Win32
		{1496695E-20F6-4D89-9A83-D804C4658FC6}.Release|Win32.Build.0 = Release|Win32
		{0FF7A88C-EF41-463B-A1C8-E4C259363B10}.Debug|Win32.ActiveCfg = Debug|Win32
		{0FF7A88C-EF41-463B-A1C8-E4C259363B10}.Debug|Win32.Build.0 = Debug|Win32
		{0FF7A88C-EF41-463B-A1C8-E4C259363B10}.Release|Win32.ActiveCfg = Release|Win32
		{0FF7A88C-EF41-463B-A1C8-E4C259363B10}.Release|Win32.Build.0 = Release|Win32
	EndGlobalSection
	GlobalSection(SolutionProperties) = preSolution
		HideSolutionNode = FALSE
	EndGlobalSection
EndGlobal
